
Microsoft Visual Studio Solution File, Format Version 12.00
# Visual Studio Version 17
VisualStudioVersion = 17.12.35527.113
MinimumVisualStudioVersion = 10.0.40219.1
Project("{FAE04EC0-301F-11D3-BF4B-00C04F79EFBC}") = "Dots.Meals.Api", "Dots.Meals.Api\Dots.Meals.Api.csproj", "{BC5B1663-5803-43AB-9143-6D24B5CF1081}"
EndProject
Project("{E53339B2-1760-4266-BCC7-CA923CBCF16C}") = "docker-compose", "docker-compose.dcproj", "{A9F81519-52B9-4687-B7B2-ACCF235EFC48}"
EndProject
Global
	GlobalSection(SolutionConfigurationPlatforms) = preSolution
		Debug|Any CPU = Debug|Any CPU
		Release|Any CPU = Release|Any CPU
	EndGlobalSection
	GlobalSection(ProjectConfigurationPlatforms) = postSolution
		{BC5B1663-5803-43AB-9143-6D24B5CF1081}.Debug|Any CPU.ActiveCfg = Debug|Any CPU
		{BC5B1663-5803-43AB-9143-6D24B5CF1081}.Debug|Any CPU.Build.0 = Debug|Any CPU
		{BC5B1663-5803-43AB-9143-6D24B5CF1081}.Release|Any CPU.ActiveCfg = Release|Any CPU
		{BC5B1663-5803-43AB-9143-6D24B5CF1081}.Release|Any CPU.Build.0 = Release|Any CPU
		{A9F81519-52B9-4687-B7B2-ACCF235EFC48}.Debug|Any CPU.ActiveCfg = Debug|Any CPU
		{A9F81519-52B9-4687-B7B2-ACCF235EFC48}.Debug|Any CPU.Build.0 = Debug|Any CPU
		{A9F81519-52B9-4687-B7B2-ACCF235EFC48}.Release|Any CPU.ActiveCfg = Release|Any CPU
		{A9F81519-52B9-4687-B7B2-ACCF235EFC48}.Release|Any CPU.Build.0 = Release|Any CPU
	EndGlobalSection
	GlobalSection(SolutionProperties) = preSolution
		HideSolutionNode = FALSE
	EndGlobalSection
EndGlobal
